
Microsoft Visual Studio Solution File, Format Version 12.00
# Visual Studio Version 17
VisualStudioVersion = 17.4.33205.214
MinimumVisualStudioVersion = 10.0.40219.1
Project("{FAE04EC0-301F-11D3-BF4B-00C04F79EFBC}") = "capaPresentacion", "CapaPresentacion\capaPresentacion.csproj", "{231D3AF1-0936-4253-90AC-3B1E5DF3F20D}"
EndProject
Project("{FAE04EC0-301F-11D3-BF4B-00C04F79EFBC}") = "capaDominio", "capaDominio\capaDominio.csproj", "{4CB9C6E4-4184-4214-9829-9B58D208E92E}"
EndProject
Project("{FAE04EC0-301F-11D3-BF4B-00C04F79EFBC}") = "capaNegocio", "capaDatos\capaNegocio.csproj", "{C77592F2-A46E-4994-82E3-9035D604A8F7}"
EndProject
Project("{FAE04EC0-301F-11D3-BF4B-00C04F79EFBC}") = "Helper", "Helper\Helper.csproj", "{315279C9-887E-4E4D-8106-EDF72984EA04}"
EndProject
Global
	GlobalSection(SolutionConfigurationPlatforms) = preSolution
		Debug|Any CPU = Debug|Any CPU
		Release|Any CPU = Release|Any CPU
	EndGlobalSection
	GlobalSection(ProjectConfigurationPlatforms) = postSolution
		{231D3AF1-0936-4253-90AC-3B1E5DF3F20D}.Debug|Any CPU.ActiveCfg = Debug|Any CPU
		{231D3AF1-0936-4253-90AC-3B1E5DF3F20D}.Debug|Any CPU.Build.0 = Debug|Any CPU
		{231D3AF1-0936-4253-90AC-3B1E5DF3F20D}.Release|Any CPU.ActiveCfg = Release|Any CPU
		{231D3AF1-0936-4253-90AC-3B1E5DF3F20D}.Release|Any CPU.Build.0 = Release|Any CPU
		{4CB9C6E4-4184-4214-9829-9B58D208E92E}.Debug|Any CPU.ActiveCfg = Debug|Any CPU
		{4CB9C6E4-4184-4214-9829-9B58D208E92E}.Debug|Any CPU.Build.0 = Debug|Any CPU
		{4CB9C6E4-4184-4214-9829-9B58D208E92E}.Release|Any CPU.ActiveCfg = Release|Any CPU
		{4CB9C6E4-4184-4214-9829-9B58D208E92E}.Release|Any CPU.Build.0 = Release|Any CPU
		{C77592F2-A46E-4994-82E3-9035D604A8F7}.Debug|Any CPU.ActiveCfg = Debug|Any CPU
		{C77592F2-A46E-4994-82E3-9035D604A8F7}.Debug|Any CPU.Build.0 = Debug|Any CPU
		{C77592F2-A46E-4994-82E3-9035D604A8F7}.Release|Any CPU.ActiveCfg = Release|Any CPU
		{C77592F2-A46E-4994-82E3-9035D604A8F7}.Release|Any CPU.Build.0 = Release|Any CPU
		{315279C9-887E-4E4D-8106-EDF72984EA04}.Debug|Any CPU.ActiveCfg = Debug|Any CPU
		{315279C9-887E-4E4D-8106-EDF72984EA04}.Debug|Any CPU.Build.0 = Debug|Any CPU
		{315279C9-887E-4E4D-8106-EDF72984EA04}.Release|Any CPU.ActiveCfg = Release|Any CPU
		{315279C9-887E-4E4D-8106-EDF72984EA04}.Release|Any CPU.Build.0 = Release|Any CPU
	EndGlobalSection
	GlobalSection(SolutionProperties) = preSolution
		HideSolutionNode = FALSE
	EndGlobalSection
	GlobalSection(ExtensibilityGlobals) = postSolution
		SolutionGuid = {80B0E917-D9EE-4F54-867F-0A925023D24D}
	EndGlobalSection
EndGlobal
